
Microsoft Visual Studio Solution File, Format Version 12.00
# Visual Studio Version 17
VisualStudioVersion = 17.14.36408.4
MinimumVisualStudioVersion = 10.0.40219.1
Project("{FAE04EC0-301F-11D3-BF4B-00C04F79EFBC}") = "Moeen.Api", "Moeen.Api\Moeen.Api.csproj", "{A0BEFEAB-E656-4F33-A4D8-D3D789669F95}"
EndProject
Project("{FAE04EC0-301F-11D3-BF4B-00C04F79EFBC}") = "Moeen.Dashboard", "Moeen.Dashboard\Moeen.Dashboard.csproj", "{F937EFA4-EC76-4E6C-A847-86B377FBE632}"
EndProject
Project("{FAE04EC0-301F-11D3-BF4B-00C04F79EFBC}") = "Moeen.App", "Moeen.App\Moeen.App.csproj", "{3267A3EA-0ED4-4474-8C43-62632D23E352}"
EndProject
Global
	GlobalSection(SolutionConfigurationPlatforms) = preSolution
		Debug|Any CPU = Debug|Any CPU
		Release|Any CPU = Release|Any CPU
	EndGlobalSection
	GlobalSection(ProjectConfigurationPlatforms) = postSolution
		{A0BEFEAB-E656-4F33-A4D8-D3D789669F95}.Debug|Any CPU.ActiveCfg = Debug|Any CPU
		{A0BEFEAB-E656-4F33-A4D8-D3D789669F95}.Debug|Any CPU.Build.0 = Debug|Any CPU
		{A0BEFEAB-E656-4F33-A4D8-D3D789669F95}.Release|Any CPU.ActiveCfg = Release|Any CPU
		{A0BEFEAB-E656-4F33-A4D8-D3D789669F95}.Release|Any CPU.Build.0 = Release|Any CPU
		{F937EFA4-EC76-4E6C-A847-86B377FBE632}.Debug|Any CPU.ActiveCfg = Debug|Any CPU
		{F937EFA4-EC76-4E6C-A847-86B377FBE632}.Debug|Any CPU.Build.0 = Debug|Any CPU
		{F937EFA4-EC76-4E6C-A847-86B377FBE632}.Release|Any CPU.ActiveCfg = Release|Any CPU
		{F937EFA4-EC76-4E6C-A847-86B377FBE632}.Release|Any CPU.Build.0 = Release|Any CPU
		{3267A3EA-0ED4-4474-8C43-62632D23E352}.Debug|Any CPU.ActiveCfg = Debug|Any CPU
		{3267A3EA-0ED4-4474-8C43-62632D23E352}.Debug|Any CPU.Build.0 = Debug|Any CPU
		{3267A3EA-0ED4-4474-8C43-62632D23E352}.Debug|Any CPU.Deploy.0 = Debug|Any CPU
		{3267A3EA-0ED4-4474-8C43-62632D23E352}.Release|Any CPU.ActiveCfg = Release|Any CPU
		{3267A3EA-0ED4-4474-8C43-62632D23E352}.Release|Any CPU.Build.0 = Release|Any CPU
		{3267A3EA-0ED4-4474-8C43-62632D23E352}.Release|Any CPU.Deploy.0 = Release|Any CPU
	EndGlobalSection
	GlobalSection(SolutionProperties) = preSolution
		HideSolutionNode = FALSE
	EndGlobalSection
	GlobalSection(ExtensibilityGlobals) = postSolution
		SolutionGuid = {1A37F73E-ECEE-4770-AFF2-A647F330DCEA}
	EndGlobalSection
EndGlobal
